
Microsoft Visual Studio Solution File, Format Version 12.00
# Visual Studio 15
VisualStudioVersion = 15.0.27130.2010
MinimumVisualStudioVersion = 10.0.40219.1
Project("{FAE04EC0-301F-11D3-BF4B-00C04F79EFBC}") = "GoHome", "GoHome\GoHome.csproj", "{E936179F-CFC8-45F5-9B1C-EE699EE76EA7}"
EndProject
Project("{FAE04EC0-301F-11D3-BF4B-00C04F79EFBC}") = "EPMConnector", "sample-empyrion-mod\EPMConnector\EPMConnector.csproj", "{AE40B2D3-69EF-4D5E-B1FB-38EECE976811}"
EndProject
Project("{FAE04EC0-301F-11D3-BF4B-00C04F79EFBC}") = "EmpyrionModApi", "SharedCode\EmpyrionModApi.csproj", "{B563D94F-874F-42CD-A498-7164FEEC86DB}"
EndProject
Project("{FAE04EC0-301F-11D3-BF4B-00C04F79EFBC}") = "SellToServerMod", "SellToServerMod\SellToServerMod.csproj", "{F5BAC378-0E04-49AC-AB40-FFBCCB35F9E5}"
EndProject
Project("{FAE04EC0-301F-11D3-BF4B-00C04F79EFBC}") = "FactionPlayfieldKickerMod", "FactionPlayfieldKickerMod\FactionPlayfieldKickerMod.csproj", "{7E7DA794-412D-4557-AC8C-FB511E8C28D7}"
EndProject
Project("{FAE04EC0-301F-11D3-BF4B-00C04F79EFBC}") = "NetworkConnectedModRunner", "NetworkConnectedModRunner\NetworkConnectedModRunner.csproj", "{7942BF39-29F4-424C-904E-62C244DC8A2A}"
	ProjectSection(ProjectDependencies) = postProject
		{16833700-A18C-480F-98B3-A35AD66E2BB9} = {16833700-A18C-480F-98B3-A35AD66E2BB9}
		{EAABC420-7EEC-4DDC-824A-CADCD83AADA0} = {EAABC420-7EEC-4DDC-824A-CADCD83AADA0}
		{43D4612B-2C5D-4524-A2D0-F7E32CE8DD0E} = {43D4612B-2C5D-4524-A2D0-F7E32CE8DD0E}
		{F5BAC378-0E04-49AC-AB40-FFBCCB35F9E5} = {F5BAC378-0E04-49AC-AB40-FFBCCB35F9E5}
		{2B8F2E7D-91BF-4DEB-9D99-CBE15EF46EE1} = {2B8F2E7D-91BF-4DEB-9D99-CBE15EF46EE1}
		{7E7DA794-412D-4557-AC8C-FB511E8C28D7} = {7E7DA794-412D-4557-AC8C-FB511E8C28D7}
		{5D260F95-8FCF-4222-8EA8-12013C8B7860} = {5D260F95-8FCF-4222-8EA8-12013C8B7860}
		{FE658DA4-27DE-40BF-B9FD-2BEBB410C07F} = {FE658DA4-27DE-40BF-B9FD-2BEBB410C07F}
		{AE40B2D3-69EF-4D5E-B1FB-38EECE976811} = {AE40B2D3-69EF-4D5E-B1FB-38EECE976811}
	EndProjectSection
EndProject
Project("{FAE04EC0-301F-11D3-BF4B-00C04F79EFBC}") = "StructureOwnershipMod", "StructureOwnershipMod\StructureOwnershipMod.csproj", "{43D4612B-2C5D-4524-A2D0-F7E32CE8DD0E}"
EndProject
Project("{FAE04EC0-301F-11D3-BF4B-00C04F79EFBC}") = "PlayfieldStructureRegenMod", "PlayfieldStructureRegenMod\PlayfieldStructureRegenMod.csproj", "{EAABC420-7EEC-4DDC-824A-CADCD83AADA0}"
EndProject
Project("{FAE04EC0-301F-11D3-BF4B-00C04F79EFBC}") = "DiscordBotMod", "DiscordBotMod\DiscordBotMod.csproj", "{5D260F95-8FCF-4222-8EA8-12013C8B7860}"
EndProject
Project("{FAE04EC0-301F-11D3-BF4B-00C04F79EFBC}") = "VotingRewardMod", "VotingRewardMod\VotingRewardMod.csproj", "{16833700-A18C-480F-98B3-A35AD66E2BB9}"
EndProject
Project("{FAE04EC0-301F-11D3-BF4B-00C04F79EFBC}") = "EmpyrionModApiTests", "EmpyrionModdingApiTests\EmpyrionModApiTests.csproj", "{EC5A5011-2BB6-4914-A090-D6EE42DEA9C3}"
EndProject
Project("{2150E333-8FDC-42A3-9474-1A3956D46DE8}") = "Solution Items", "Solution Items", "{930BEF4E-9378-40F7-AB3F-F4D3C1CD3CD8}"
	ProjectSection(SolutionItems) = preProject
		LICENSE = LICENSE
		README.md = README.md
	EndProjectSection
EndProject
Project("{2150E333-8FDC-42A3-9474-1A3956D46DE8}") = "Deprecated", "Deprecated", "{367F7F55-7C16-49A8-9512-41C207871CBF}"
EndProject
Project("{FAE04EC0-301F-11D3-BF4B-00C04F79EFBC}") = "StarterShipMod", "StarterShipMod\StarterShipMod.csproj", "{FE658DA4-27DE-40BF-B9FD-2BEBB410C07F}"
EndProject
Project("{FAE04EC0-301F-11D3-BF4B-00C04F79EFBC}") = "ShipBuyingMod", "ShipBuyingMod\ShipBuyingMod.csproj", "{2B8F2E7D-91BF-4DEB-9D99-CBE15EF46EE1}"
EndProject
Global
	GlobalSection(SolutionConfigurationPlatforms) = preSolution
		Debug|Any CPU = Debug|Any CPU
		Release|Any CPU = Release|Any CPU
	EndGlobalSection
	GlobalSection(ProjectConfigurationPlatforms) = postSolution
		{E936179F-CFC8-45F5-9B1C-EE699EE76EA7}.Debug|Any CPU.ActiveCfg = Debug|Any CPU
		{E936179F-CFC8-45F5-9B1C-EE699EE76EA7}.Debug|Any CPU.Build.0 = Debug|Any CPU
		{E936179F-CFC8-45F5-9B1C-EE699EE76EA7}.Release|Any CPU.ActiveCfg = Release|Any CPU
		{E936179F-CFC8-45F5-9B1C-EE699EE76EA7}.Release|Any CPU.Build.0 = Release|Any CPU
		{AE40B2D3-69EF-4D5E-B1FB-38EECE976811}.Debug|Any CPU.ActiveCfg = Debug|Any CPU
		{AE40B2D3-69EF-4D5E-B1FB-38EECE976811}.Debug|Any CPU.Build.0 = Debug|Any CPU
		{AE40B2D3-69EF-4D5E-B1FB-38EECE976811}.Release|Any CPU.ActiveCfg = Release|Any CPU
		{AE40B2D3-69EF-4D5E-B1FB-38EECE976811}.Release|Any CPU.Build.0 = Release|Any CPU
		{B563D94F-874F-42CD-A498-7164FEEC86DB}.Debug|Any CPU.ActiveCfg = Debug|Any CPU
		{B563D94F-874F-42CD-A498-7164FEEC86DB}.Debug|Any CPU.Build.0 = Debug|Any CPU
		{B563D94F-874F-42CD-A498-7164FEEC86DB}.Release|Any CPU.ActiveCfg = Release|Any CPU
		{B563D94F-874F-42CD-A498-7164FEEC86DB}.Release|Any CPU.Build.0 = Release|Any CPU
		{F5BAC378-0E04-49AC-AB40-FFBCCB35F9E5}.Debug|Any CPU.ActiveCfg = Debug|Any CPU
		{F5BAC378-0E04-49AC-AB40-FFBCCB35F9E5}.Debug|Any CPU.Build.0 = Debug|Any CPU
		{F5BAC378-0E04-49AC-AB40-FFBCCB35F9E5}.Release|Any CPU.ActiveCfg = Release|Any CPU
		{F5BAC378-0E04-49AC-AB40-FFBCCB35F9E5}.Release|Any CPU.Build.0 = Release|Any CPU
		{7E7DA794-412D-4557-AC8C-FB511E8C28D7}.Debug|Any CPU.ActiveCfg = Debug|Any CPU
		{7E7DA794-412D-4557-AC8C-FB511E8C28D7}.Debug|Any CPU.Build.0 = Debug|Any CPU
		{7E7DA794-412D-4557-AC8C-FB511E8C28D7}.Release|Any CPU.ActiveCfg = Release|Any CPU
		{7E7DA794-412D-4557-AC8C-FB511E8C28D7}.Release|Any CPU.Build.0 = Release|Any CPU
		{7942BF39-29F4-424C-904E-62C244DC8A2A}.Debug|Any CPU.ActiveCfg = Debug|Any CPU
		{7942BF39-29F4-424C-904E-62C244DC8A2A}.Debug|Any CPU.Build.0 = Debug|Any CPU
		{7942BF39-29F4-424C-904E-62C244DC8A2A}.Release|Any CPU.ActiveCfg = Release|Any CPU
		{7942BF39-29F4-424C-904E-62C244DC8A2A}.Release|Any CPU.Build.0 = Release|Any CPU
		{43D4612B-2C5D-4524-A2D0-F7E32CE8DD0E}.Debug|Any CPU.ActiveCfg = Debug|Any CPU
		{43D4612B-2C5D-4524-A2D0-F7E32CE8DD0E}.Debug|Any CPU.Build.0 = Debug|Any CPU
		{43D4612B-2C5D-4524-A2D0-F7E32CE8DD0E}.Release|Any CPU.ActiveCfg = Release|Any CPU
		{43D4612B-2C5D-4524-A2D0-F7E32CE8DD0E}.Release|Any CPU.Build.0 = Release|Any CPU
		{EAABC420-7EEC-4DDC-824A-CADCD83AADA0}.Debug|Any CPU.ActiveCfg = Debug|Any CPU
		{EAABC420-7EEC-4DDC-824A-CADCD83AADA0}.Debug|Any CPU.Build.0 = Debug|Any CPU
		{EAABC420-7EEC-4DDC-824A-CADCD83AADA0}.Release|Any CPU.ActiveCfg = Release|Any CPU
		{EAABC420-7EEC-4DDC-824A-CADCD83AADA0}.Release|Any CPU.Build.0 = Release|Any CPU
		{5D260F95-8FCF-4222-8EA8-12013C8B7860}.Debug|Any CPU.ActiveCfg = Debug|Any CPU
		{5D260F95-8FCF-4222-8EA8-12013C8B7860}.Debug|Any CPU.Build.0 = Debug|Any CPU
		{5D260F95-8FCF-4222-8EA8-12013C8B7860}.Release|Any CPU.ActiveCfg = Release|Any CPU
		{5D260F95-8FCF-4222-8EA8-12013C8B7860}.Release|Any CPU.Build.0 = Release|Any CPU
		{16833700-A18C-480F-98B3-A35AD66E2BB9}.Debug|Any CPU.ActiveCfg = Debug|Any CPU
		{16833700-A18C-480F-98B3-A35AD66E2BB9}.Debug|Any CPU.Build.0 = Debug|Any CPU
		{16833700-A18C-480F-98B3-A35AD66E2BB9}.Release|Any CPU.ActiveCfg = Release|Any CPU
		{16833700-A18C-480F-98B3-A35AD66E2BB9}.Release|Any CPU.Build.0 = Release|Any CPU
		{EC5A5011-2BB6-4914-A090-D6EE42DEA9C3}.Debug|Any CPU.ActiveCfg = Debug|Any CPU
		{EC5A5011-2BB6-4914-A090-D6EE42DEA9C3}.Debug|Any CPU.Build.0 = Debug|Any CPU
		{EC5A5011-2BB6-4914-A090-D6EE42DEA9C3}.Release|Any CPU.ActiveCfg = Release|Any CPU
		{EC5A5011-2BB6-4914-A090-D6EE42DEA9C3}.Release|Any CPU.Build.0 = Release|Any CPU
		{FE658DA4-27DE-40BF-B9FD-2BEBB410C07F}.Debug|Any CPU.ActiveCfg = Debug|Any CPU
		{FE658DA4-27DE-40BF-B9FD-2BEBB410C07F}.Debug|Any CPU.Build.0 = Debug|Any CPU
		{FE658DA4-27DE-40BF-B9FD-2BEBB410C07F}.Release|Any CPU.ActiveCfg = Release|Any CPU
		{FE658DA4-27DE-40BF-B9FD-2BEBB410C07F}.Release|Any CPU.Build.0 = Release|Any CPU
		{2B8F2E7D-91BF-4DEB-9D99-CBE15EF46EE1}.Debug|Any CPU.ActiveCfg = Debug|Any CPU
		{2B8F2E7D-91BF-4DEB-9D99-CBE15EF46EE1}.Debug|Any CPU.Build.0 = Debug|Any CPU
		{2B8F2E7D-91BF-4DEB-9D99-CBE15EF46EE1}.Release|Any CPU.ActiveCfg = Release|Any CPU
		{2B8F2E7D-91BF-4DEB-9D99-CBE15EF46EE1}.Release|Any CPU.Build.0 = Release|Any CPU
	EndGlobalSection
	GlobalSection(SolutionProperties) = preSolution
		HideSolutionNode = FALSE
	EndGlobalSection
	GlobalSection(NestedProjects) = preSolution
		{F5BAC378-0E04-49AC-AB40-FFBCCB35F9E5} = {367F7F55-7C16-49A8-9512-41C207871CBF}
		{7E7DA794-412D-4557-AC8C-FB511E8C28D7} = {367F7F55-7C16-49A8-9512-41C207871CBF}
		{5D260F95-8FCF-4222-8EA8-12013C8B7860} = {367F7F55-7C16-49A8-9512-41C207871CBF}
	EndGlobalSection
	GlobalSection(ExtensibilityGlobals) = postSolution
		SolutionGuid = {2E170453-FF5C-4F91-9F0C-3E7A23A3BDCB}
	EndGlobalSection
EndGlobal
