
Microsoft Visual Studio Solution File, Format Version 12.00
# Visual Studio 15
VisualStudioVersion = 15.0.27004.2009
MinimumVisualStudioVersion = 10.0.40219.1
Project("{FAE04EC0-301F-11D3-BF4B-00C04F79EFBC}") = "PlanetOwnership", "PlanetOwnership\PlanetOwnership.csproj", "{A44A2443-A7F8-4EB8-A365-D7C1DBB21B62}"
EndProject
Project("{FAE04EC0-301F-11D3-BF4B-00C04F79EFBC}") = "GoHome", "GoHome\GoHome.csproj", "{E936179F-CFC8-45F5-9B1C-EE699EE76EA7}"
EndProject
Project("{FAE04EC0-301F-11D3-BF4B-00C04F79EFBC}") = "EPMConnector", "sample-empyrion-mod\EPMConnector\EPMConnector.csproj", "{AE40B2D3-69EF-4D5E-B1FB-38EECE976811}"
EndProject
Project("{FAE04EC0-301F-11D3-BF4B-00C04F79EFBC}") = "SharedCode", "SharedCode\SharedCode.csproj", "{B563D94F-874F-42CD-A498-7164FEEC86DB}"
EndProject
Project("{FAE04EC0-301F-11D3-BF4B-00C04F79EFBC}") = "SecureTrading", "SecureTrading\SecureTrading.csproj", "{782DB7B5-406C-4493-B32A-8D3C09C7EB76}"
EndProject
Project("{FAE04EC0-301F-11D3-BF4B-00C04F79EFBC}") = "SellToServerMod", "SellToServerMod\SellToServerMod.csproj", "{F5BAC378-0E04-49AC-AB40-FFBCCB35F9E5}"
EndProject
Project("{FAE04EC0-301F-11D3-BF4B-00C04F79EFBC}") = "FactionPlayfieldKickerMod", "FactionPlayfieldKickerMod\FactionPlayfieldKickerMod.csproj", "{7E7DA794-412D-4557-AC8C-FB511E8C28D7}"
EndProject
Project("{FAE04EC0-301F-11D3-BF4B-00C04F79EFBC}") = "NetworkConnectedModRunner", "NetworkConnectedModRunner\NetworkConnectedModRunner.csproj", "{7942BF39-29F4-424C-904E-62C244DC8A2A}"
EndProject
Project("{FAE04EC0-301F-11D3-BF4B-00C04F79EFBC}") = "StructureOwnershipMod", "StructureOwnershipMod\StructureOwnershipMod.csproj", "{43D4612B-2C5D-4524-A2D0-F7E32CE8DD0E}"
EndProject
Global
	GlobalSection(SolutionConfigurationPlatforms) = preSolution
		Debug|Any CPU = Debug|Any CPU
		Release|Any CPU = Release|Any CPU
	EndGlobalSection
	GlobalSection(ProjectConfigurationPlatforms) = postSolution
		{A44A2443-A7F8-4EB8-A365-D7C1DBB21B62}.Debug|Any CPU.ActiveCfg = Debug|Any CPU
		{A44A2443-A7F8-4EB8-A365-D7C1DBB21B62}.Debug|Any CPU.Build.0 = Debug|Any CPU
		{A44A2443-A7F8-4EB8-A365-D7C1DBB21B62}.Release|Any CPU.ActiveCfg = Release|Any CPU
		{A44A2443-A7F8-4EB8-A365-D7C1DBB21B62}.Release|Any CPU.Build.0 = Release|Any CPU
		{E936179F-CFC8-45F5-9B1C-EE699EE76EA7}.Debug|Any CPU.ActiveCfg = Debug|Any CPU
		{E936179F-CFC8-45F5-9B1C-EE699EE76EA7}.Debug|Any CPU.Build.0 = Debug|Any CPU
		{E936179F-CFC8-45F5-9B1C-EE699EE76EA7}.Release|Any CPU.ActiveCfg = Release|Any CPU
		{E936179F-CFC8-45F5-9B1C-EE699EE76EA7}.Release|Any CPU.Build.0 = Release|Any CPU
		{AE40B2D3-69EF-4D5E-B1FB-38EECE976811}.Debug|Any CPU.ActiveCfg = Debug|Any CPU
		{AE40B2D3-69EF-4D5E-B1FB-38EECE976811}.Debug|Any CPU.Build.0 = Debug|Any CPU
		{AE40B2D3-69EF-4D5E-B1FB-38EECE976811}.Release|Any CPU.ActiveCfg = Release|Any CPU
		{AE40B2D3-69EF-4D5E-B1FB-38EECE976811}.Release|Any CPU.Build.0 = Release|Any CPU
		{B563D94F-874F-42CD-A498-7164FEEC86DB}.Debug|Any CPU.ActiveCfg = Debug|Any CPU
		{B563D94F-874F-42CD-A498-7164FEEC86DB}.Debug|Any CPU.Build.0 = Debug|Any CPU
		{B563D94F-874F-42CD-A498-7164FEEC86DB}.Release|Any CPU.ActiveCfg = Release|Any CPU
		{B563D94F-874F-42CD-A498-7164FEEC86DB}.Release|Any CPU.Build.0 = Release|Any CPU
		{782DB7B5-406C-4493-B32A-8D3C09C7EB76}.Debug|Any CPU.ActiveCfg = Debug|Any CPU
		{782DB7B5-406C-4493-B32A-8D3C09C7EB76}.Debug|Any CPU.Build.0 = Debug|Any CPU
		{782DB7B5-406C-4493-B32A-8D3C09C7EB76}.Release|Any CPU.ActiveCfg = Release|Any CPU
		{782DB7B5-406C-4493-B32A-8D3C09C7EB76}.Release|Any CPU.Build.0 = Release|Any CPU
		{F5BAC378-0E04-49AC-AB40-FFBCCB35F9E5}.Debug|Any CPU.ActiveCfg = Debug|Any CPU
		{F5BAC378-0E04-49AC-AB40-FFBCCB35F9E5}.Debug|Any CPU.Build.0 = Debug|Any CPU
		{F5BAC378-0E04-49AC-AB40-FFBCCB35F9E5}.Release|Any CPU.ActiveCfg = Release|Any CPU
		{F5BAC378-0E04-49AC-AB40-FFBCCB35F9E5}.Release|Any CPU.Build.0 = Release|Any CPU
		{7E7DA794-412D-4557-AC8C-FB511E8C28D7}.Debug|Any CPU.ActiveCfg = Debug|Any CPU
		{7E7DA794-412D-4557-AC8C-FB511E8C28D7}.Debug|Any CPU.Build.0 = Debug|Any CPU
		{7E7DA794-412D-4557-AC8C-FB511E8C28D7}.Release|Any CPU.ActiveCfg = Release|Any CPU
		{7E7DA794-412D-4557-AC8C-FB511E8C28D7}.Release|Any CPU.Build.0 = Release|Any CPU
		{7942BF39-29F4-424C-904E-62C244DC8A2A}.Debug|Any CPU.ActiveCfg = Debug|Any CPU
		{7942BF39-29F4-424C-904E-62C244DC8A2A}.Debug|Any CPU.Build.0 = Debug|Any CPU
		{7942BF39-29F4-424C-904E-62C244DC8A2A}.Release|Any CPU.ActiveCfg = Release|Any CPU
		{7942BF39-29F4-424C-904E-62C244DC8A2A}.Release|Any CPU.Build.0 = Release|Any CPU
		{43D4612B-2C5D-4524-A2D0-F7E32CE8DD0E}.Debug|Any CPU.ActiveCfg = Debug|Any CPU
		{43D4612B-2C5D-4524-A2D0-F7E32CE8DD0E}.Debug|Any CPU.Build.0 = Debug|Any CPU
		{43D4612B-2C5D-4524-A2D0-F7E32CE8DD0E}.Release|Any CPU.ActiveCfg = Release|Any CPU
		{43D4612B-2C5D-4524-A2D0-F7E32CE8DD0E}.Release|Any CPU.Build.0 = Release|Any CPU
	EndGlobalSection
	GlobalSection(SolutionProperties) = preSolution
		HideSolutionNode = FALSE
	EndGlobalSection
	GlobalSection(ExtensibilityGlobals) = postSolution
		SolutionGuid = {2E170453-FF5C-4F91-9F0C-3E7A23A3BDCB}
	EndGlobalSection
EndGlobal
